// !$*UTF8*$!
{
	archiveVersion = 1;
	classes = {
	};
	objectVersion = 77;
	objects = {

/* Begin PBXBuildFile section */
		4FB8F74C2F5948EA001B4FAD /* Message.swift in Sources */ = {isa = PBXBuildFile; fileRef = 4FB8F7352F5948EA001B4FAD /* Message.swift */; };
		4FB8F74D2F5948EA001B4FAD /* RegisterView.swift in Sources */ = {isa = PBXBuildFile; fileRef = 4FB8F7462F5948EA001B4FAD /* RegisterView.swift */; };
		4FB8F74E2F5948EA001B4FAD /* ContentView.swift in Sources */ = {isa = PBXBuildFile; fileRef = 4FB8F7492F5948EA001B4FAD /* ContentView.swift */; };
		4FB8F74F2F5948EA001B4FAD /* ContactMatchService.swift in Sources */ = {isa = PBXBuildFile; fileRef = 4FB8F73B2F5948EA001B4FAD /* ContactMatchService.swift */; };
		4FB8F7502F5948EA001B4FAD /* LoginView.swift in Sources */ = {isa = PBXBuildFile; fileRef = 4FB8F7432F5948EA001B4FAD /* LoginView.swift */; };
		4FB8F7512F5948EA001B4FAD /* Config.swift in Sources */ = {isa = PBXBuildFile; fileRef = 4FB8F7482F5948EA001B4FAD /* Config.swift */; };
		4FB8F7522F5948EA001B4FAD /* DraftBannerView.swift in Sources */ = {isa = PBXBuildFile; fileRef = 4FB8F7422F5948EA001B4FAD /* DraftBannerView.swift */; };
		4FB8F7532F5948EA001B4FAD /* User.swift in Sources */ = {isa = PBXBuildFile; fileRef = 4FB8F7362F5948EA001B4FAD /* User.swift */; };
		4FB8F7542F5948EA001B4FAD /* ConversationListView.swift in Sources */ = {isa = PBXBuildFile; fileRef = 4FB8F7412F5948EA001B4FAD /* ConversationListView.swift */; };
		4FB8F7552F5948EA001B4FAD /* APIClient.swift in Sources */ = {isa = PBXBuildFile; fileRef = 4FB8F7382F5948EA001B4FAD /* APIClient.swift */; };
		4FB8F7562F5948EA001B4FAD /* WebSocketClient.swift in Sources */ = {isa = PBXBuildFile; fileRef = 4FB8F73E2F5948EA001B4FAD /* WebSocketClient.swift */; };
		4FB8F7572F5948EA001B4FAD /* AuthService.swift in Sources */ = {isa = PBXBuildFile; fileRef = 4FB8F73A2F5948EA001B4FAD /* AuthService.swift */; };
		4FB8F7582F5948EA001B4FAD /* PushOpenStore.swift in Sources */ = {isa = PBXBuildFile; fileRef = 4FB8F73D2F5948EA001B4FAD /* PushOpenStore.swift */; };
		4FB8F7592F5948EA001B4FAD /* Conversation.swift in Sources */ = {isa = PBXBuildFile; fileRef = 4FB8F7332F5948EA001B4FAD /* Conversation.swift */; };
		4FB8F75A2F5948EA001B4FAD /* Draft.swift in Sources */ = {isa = PBXBuildFile; fileRef = 4FB8F7342F5948EA001B4FAD /* Draft.swift */; };
		4FB8F75B2F5948EA001B4FAD /* DraftsStore.swift in Sources */ = {isa = PBXBuildFile; fileRef = 4FB8F73C2F5948EA001B4FAD /* DraftsStore.swift */; };
		4FB8F75C2F5948EA001B4FAD /* ChatView.swift in Sources */ = {isa = PBXBuildFile; fileRef = 4FB8F7402F5948EA001B4FAD /* ChatView.swift */; };
		4FB8F75D2F5948EA001B4FAD /* MyContactsView.swift in Sources */ = {isa = PBXBuildFile; fileRef = 4FB8F7452F5948EA001B4FAD /* MyContactsView.swift */; };
		4FB8F7612F600000001B4FAD /* AccountView.swift in Sources */ = {isa = PBXBuildFile; fileRef = 4FB8F7622F600000001B4FAD /* AccountView.swift */; };
		4FB8F75E2F5948EA001B4FAD /* AppDelegate.swift in Sources */ = {isa = PBXBuildFile; fileRef = 4FB8F7392F5948EA001B4FAD /* AppDelegate.swift */; };
		4FB8F75F2F5948EA001B4FAD /* MainTabView.swift in Sources */ = {isa = PBXBuildFile; fileRef = 4FB8F7442F5948EA001B4FAD /* MainTabView.swift */; };
		4FB8F7602F5948EA001B4FAD /* ScheduledMessengerApp.swift in Sources */ = {isa = PBXBuildFile; fileRef = 4FB8F74A2F5948EA001B4FAD /* ScheduledMessengerApp.swift */; };
		4FB8F7632F600001001B4FAD /* Assets.xcassets in Resources */ = {isa = PBXBuildFile; fileRef = 4FB8F7642F600001001B4FAD /* Assets.xcassets */; };
/* End PBXBuildFile section */

/* Begin PBXFileReference section */
		4FB8F6F62F594053001B4FAD /* ScheduledMessengerApp.app */ = {isa = PBXFileReference; explicitFileType = wrapper.application; includeInIndex = 0; path = ScheduledMessengerApp.app; sourceTree = BUILT_PRODUCTS_DIR; };
		4FB8F7332F5948EA001B4FAD /* Conversation.swift */ = {isa = PBXFileReference; lastKnownFileType = sourcecode.swift; path = Conversation.swift; sourceTree = "<group>"; };
		4FB8F7342F5948EA001B4FAD /* Draft.swift */ = {isa = PBXFileReference; lastKnownFileType = sourcecode.swift; path = Draft.swift; sourceTree = "<group>"; };
		4FB8F7352F5948EA001B4FAD /* Message.swift */ = {isa = PBXFileReference; lastKnownFileType = sourcecode.swift; path = Message.swift; sourceTree = "<group>"; };
		4FB8F7362F5948EA001B4FAD /* User.swift */ = {isa = PBXFileReference; lastKnownFileType = sourcecode.swift; path = User.swift; sourceTree = "<group>"; };
		4FB8F7382F5948EA001B4FAD /* APIClient.swift */ = {isa = PBXFileReference; lastKnownFileType = sourcecode.swift; path = APIClient.swift; sourceTree = "<group>"; };
		4FB8F7392F5948EA001B4FAD /* AppDelegate.swift */ = {isa = PBXFileReference; lastKnownFileType = sourcecode.swift; path = AppDelegate.swift; sourceTree = "<group>"; };
		4FB8F73A2F5948EA001B4FAD /* AuthService.swift */ = {isa = PBXFileReference; lastKnownFileType = sourcecode.swift; path = AuthService.swift; sourceTree = "<group>"; };
		4FB8F73B2F5948EA001B4FAD /* ContactMatchService.swift */ = {isa = PBXFileReference; lastKnownFileType = sourcecode.swift; path = ContactMatchService.swift; sourceTree = "<group>"; };
		4FB8F73C2F5948EA001B4FAD /* DraftsStore.swift */ = {isa = PBXFileReference; lastKnownFileType = sourcecode.swift; path = DraftsStore.swift; sourceTree = "<group>"; };
		4FB8F73D2F5948EA001B4FAD /* PushOpenStore.swift */ = {isa = PBXFileReference; lastKnownFileType = sourcecode.swift; path = PushOpenStore.swift; sourceTree = "<group>"; };
		4FB8F73E2F5948EA001B4FAD /* WebSocketClient.swift */ = {isa = PBXFileReference; lastKnownFileType = sourcecode.swift; path = WebSocketClient.swift; sourceTree = "<group>"; };
		4FB8F7402F5948EA001B4FAD /* ChatView.swift */ = {isa = PBXFileReference; lastKnownFileType = sourcecode.swift; path = ChatView.swift; sourceTree = "<group>"; };
		4FB8F7412F5948EA001B4FAD /* ConversationListView.swift */ = {isa = PBXFileReference; lastKnownFileType = sourcecode.swift; path = ConversationListView.swift; sourceTree = "<group>"; };
		4FB8F7422F5948EA001B4FAD /* DraftBannerView.swift */ = {isa = PBXFileReference; lastKnownFileType = sourcecode.swift; path = DraftBannerView.swift; sourceTree = "<group>"; };
		4FB8F7432F5948EA001B4FAD /* LoginView.swift */ = {isa = PBXFileReference; lastKnownFileType = sourcecode.swift; path = LoginView.swift; sourceTree = "<group>"; };
		4FB8F7442F5948EA001B4FAD /* MainTabView.swift */ = {isa = PBXFileReference; lastKnownFileType = sourcecode.swift; path = MainTabView.swift; sourceTree = "<group>"; };
		4FB8F7452F5948EA001B4FAD /* MyContactsView.swift */ = {isa = PBXFileReference; lastKnownFileType = sourcecode.swift; path = MyContactsView.swift; sourceTree = "<group>"; };
		4FB8F7462F5948EA001B4FAD /* RegisterView.swift */ = {isa = PBXFileReference; lastKnownFileType = sourcecode.swift; path = RegisterView.swift; sourceTree = "<group>"; };
		4FB8F7622F600000001B4FAD /* AccountView.swift */ = {isa = PBXFileReference; lastKnownFileType = sourcecode.swift; path = AccountView.swift; sourceTree = "<group>"; };
		4FB8F7482F5948EA001B4FAD /* Config.swift */ = {isa = PBXFileReference; lastKnownFileType = sourcecode.swift; path = Config.swift; sourceTree = "<group>"; };
		4FB8F7492F5948EA001B4FAD /* ContentView.swift */ = {isa = PBXFileReference; lastKnownFileType = sourcecode.swift; path = ContentView.swift; sourceTree = "<group>"; };
		4FB8F74A2F5948EA001B4FAD /* ScheduledMessengerApp.swift */ = {isa = PBXFileReference; lastKnownFileType = sourcecode.swift; path = ScheduledMessengerApp.swift; sourceTree = "<group>"; };
		4FB8F7642F600001001B4FAD /* Assets.xcassets */ = {isa = PBXFileReference; lastKnownFileType = folder.assetcatalog; path = Assets.xcassets; sourceTree = "<group>"; };
/* End PBXFileReference section */

/* Begin PBXFrameworksBuildPhase section */
		4FB8F6F32F594053001B4FAD /* Frameworks */ = {
			isa = PBXFrameworksBuildPhase;
			buildActionMask = 2147483647;
			files = (
			);
			runOnlyForDeploymentPostprocessing = 0;
		};
/* End PBXFrameworksBuildPhase section */

/* Begin PBXGroup section */
		4FB8F6ED2F594053001B4FAD = {
			isa = PBXGroup;
			children = (
				4FB8F7652F600001001B4FAD /* ScheduledMessengerApp */,
				4FB8F74B2F5948EA001B4FAD /* ScheduledMessenger */,
				4FB8F6F72F594053001B4FAD /* Products */,
			);
			sourceTree = "<group>";
		};
		4FB8F7652F600001001B4FAD /* ScheduledMessengerApp */ = {
			isa = PBXGroup;
			children = (
				4FB8F7642F600001001B4FAD /* Assets.xcassets */,
			);
			path = ScheduledMessengerApp;
			sourceTree = "<group>";
		};
		4FB8F6F72F594053001B4FAD /* Products */ = {
			isa = PBXGroup;
			children = (
				4FB8F6F62F594053001B4FAD /* ScheduledMessengerApp.app */,
			);
			name = Products;
			sourceTree = "<group>";
		};
		4FB8F7372F5948EA001B4FAD /* Models */ = {
			isa = PBXGroup;
			children = (
				4FB8F7332F5948EA001B4FAD /* Conversation.swift */,
				4FB8F7342F5948EA001B4FAD /* Draft.swift */,
				4FB8F7352F5948EA001B4FAD /* Message.swift */,
				4FB8F7362F5948EA001B4FAD /* User.swift */,
			);
			path = Models;
			sourceTree = "<group>";
		};
		4FB8F73F2F5948EA001B4FAD /* Services */ = {
			isa = PBXGroup;
			children = (
				4FB8F7382F5948EA001B4FAD /* APIClient.swift */,
				4FB8F7392F5948EA001B4FAD /* AppDelegate.swift */,
				4FB8F73A2F5948EA001B4FAD /* AuthService.swift */,
				4FB8F73B2F5948EA001B4FAD /* ContactMatchService.swift */,
				4FB8F73C2F5948EA001B4FAD /* DraftsStore.swift */,
				4FB8F73D2F5948EA001B4FAD /* PushOpenStore.swift */,
				4FB8F73E2F5948EA001B4FAD /* WebSocketClient.swift */,
			);
			path = Services;
			sourceTree = "<group>";
		};
		4FB8F7472F5948EA001B4FAD /* Views */ = {
			isa = PBXGroup;
			children = (
				4FB8F7402F5948EA001B4FAD /* ChatView.swift */,
				4FB8F7412F5948EA001B4FAD /* ConversationListView.swift */,
				4FB8F7422F5948EA001B4FAD /* DraftBannerView.swift */,
				4FB8F7432F5948EA001B4FAD /* LoginView.swift */,
				4FB8F7622F600000001B4FAD /* AccountView.swift */,
				4FB8F7442F5948EA001B4FAD /* MainTabView.swift */,
				4FB8F7452F5948EA001B4FAD /* MyContactsView.swift */,
				4FB8F7462F5948EA001B4FAD /* RegisterView.swift */,
			);
			path = Views;
			sourceTree = "<group>";
		};
		4FB8F74B2F5948EA001B4FAD /* ScheduledMessenger */ = {
			isa = PBXGroup;
			children = (
				4FB8F7372F5948EA001B4FAD /* Models */,
				4FB8F73F2F5948EA001B4FAD /* Services */,
				4FB8F7472F5948EA001B4FAD /* Views */,
				4FB8F7482F5948EA001B4FAD /* Config.swift */,
				4FB8F7492F5948EA001B4FAD /* ContentView.swift */,
				4FB8F74A2F5948EA001B4FAD /* ScheduledMessengerApp.swift */,
			);
			name = ScheduledMessenger;
			path = ../ScheduledMessenger;
			sourceTree = SOURCE_ROOT;
		};
/* End PBXGroup section */

/* Begin PBXNativeTarget section */
		4FB8F6F52F594053001B4FAD /* ScheduledMessengerApp */ = {
			isa = PBXNativeTarget;
			buildConfigurationList = 4FB8F7012F594056001B4FAD /* Build configuration list for PBXNativeTarget "ScheduledMessengerApp" */;
			buildPhases = (
				4FB8F6F22F594053001B4FAD /* Sources */,
				4FB8F6F32F594053001B4FAD /* Frameworks */,
				4FB8F6F42F594053001B4FAD /* Resources */,
			);
			buildRules = (
			);
			dependencies = (
			);
			name = ScheduledMessengerApp;
			packageProductDependencies = (
			);
			productName = ScheduledMessengerApp;
			productReference = 4FB8F6F62F594053001B4FAD /* ScheduledMessengerApp.app */;
			productType = "com.apple.product-type.application";
		};
/* End PBXNativeTarget section */

/* Begin PBXProject section */
		4FB8F6EE2F594053001B4FAD /* Project object */ = {
			isa = PBXProject;
			attributes = {
				BuildIndependentTargetsInParallel = 1;
				LastSwiftUpdateCheck = 2630;
				LastUpgradeCheck = 2630;
				TargetAttributes = {
					4FB8F6F52F594053001B4FAD = {
						CreatedOnToolsVersion = 26.3;
					};
				};
			};
			buildConfigurationList = 4FB8F6F12F594053001B4FAD /* Build configuration list for PBXProject "ScheduledMessengerApp" */;
			developmentRegion = en;
			hasScannedForEncodings = 0;
			knownRegions = (
				en,
				Base,
			);
			mainGroup = 4FB8F6ED2F594053001B4FAD;
			minimizedProjectReferenceProxies = 1;
			preferredProjectObjectVersion = 77;
			productRefGroup = 4FB8F6F72F594053001B4FAD /* Products */;
			projectDirPath = "";
			projectRoot = "";
			targets = (
				4FB8F6F52F594053001B4FAD /* ScheduledMessengerApp */,
			);
		};
/* End PBXProject section */

/* Begin PBXResourcesBuildPhase section */
		4FB8F6F42F594053001B4FAD /* Resources */ = {
			isa = PBXResourcesBuildPhase;
			buildActionMask = 2147483647;
			files = (
				4FB8F7632F600001001B4FAD /* Assets.xcassets in Resources */,
			);
			runOnlyForDeploymentPostprocessing = 0;
		};
/* End PBXResourcesBuildPhase section */

/* Begin PBXSourcesBuildPhase section */
		4FB8F6F22F594053001B4FAD /* Sources */ = {
			isa = PBXSourcesBuildPhase;
			buildActionMask = 2147483647;
			files = (
				4FB8F74C2F5948EA001B4FAD /* Message.swift in Sources */,
				4FB8F74D2F5948EA001B4FAD /* RegisterView.swift in Sources */,
				4FB8F74E2F5948EA001B4FAD /* ContentView.swift in Sources */,
				4FB8F74F2F5948EA001B4FAD /* ContactMatchService.swift in Sources */,
				4FB8F7502F5948EA001B4FAD /* LoginView.swift in Sources */,
				4FB8F7512F5948EA001B4FAD /* Config.swift in Sources */,
				4FB8F7522F5948EA001B4FAD /* DraftBannerView.swift in Sources */,
				4FB8F7532F5948EA001B4FAD /* User.swift in Sources */,
				4FB8F7542F5948EA001B4FAD /* ConversationListView.swift in Sources */,
				4FB8F7552F5948EA001B4FAD /* APIClient.swift in Sources */,
				4FB8F7562F5948EA001B4FAD /* WebSocketClient.swift in Sources */,
				4FB8F7572F5948EA001B4FAD /* AuthService.swift in Sources */,
				4FB8F7582F5948EA001B4FAD /* PushOpenStore.swift in Sources */,
				4FB8F7592F5948EA001B4FAD /* Conversation.swift in Sources */,
				4FB8F75A2F5948EA001B4FAD /* Draft.swift in Sources */,
				4FB8F75B2F5948EA001B4FAD /* DraftsStore.swift in Sources */,
				4FB8F75C2F5948EA001B4FAD /* ChatView.swift in Sources */,
				4FB8F75D2F5948EA001B4FAD /* MyContactsView.swift in Sources */,
				4FB8F7612F600000001B4FAD /* AccountView.swift in Sources */,
				4FB8F75E2F5948EA001B4FAD /* AppDelegate.swift in Sources */,
				4FB8F75F2F5948EA001B4FAD /* MainTabView.swift in Sources */,
				4FB8F7602F5948EA001B4FAD /* ScheduledMessengerApp.swift in Sources */,
			);
			runOnlyForDeploymentPostprocessing = 0;
		};
/* End PBXSourcesBuildPhase section */

/* Begin XCBuildConfiguration section */
		4FB8F6FF2F594056001B4FAD /* Debug */ = {
			isa = XCBuildConfiguration;
			buildSettings = {
				ALWAYS_SEARCH_USER_PATHS = NO;
				ASSETCATALOG_COMPILER_GENERATE_SWIFT_ASSET_SYMBOL_EXTENSIONS = YES;
				CLANG_ANALYZER_NONNULL = YES;
				CLANG_ANALYZER_NUMBER_OBJECT_CONVERSION = YES_AGGRESSIVE;
				CLANG_CXX_LANGUAGE_STANDARD = "gnu++20";
				CLANG_ENABLE_MODULES = YES;
				CLANG_ENABLE_OBJC_ARC = YES;
				CLANG_ENABLE_OBJC_WEAK = YES;
				CLANG_WARN_BLOCK_CAPTURE_AUTORELEASING = YES;
				CLANG_WARN_BOOL_CONVERSION = YES;
				CLANG_WARN_COMMA = YES;
				CLANG_WARN_CONSTANT_CONVERSION = YES;
				CLANG_WARN_DEPRECATED_OBJC_IMPLEMENTATIONS = YES;
				CLANG_WARN_DIRECT_OBJC_ISA_USAGE = YES_ERROR;
				CLANG_WARN_DOCUMENTATION_COMMENTS = YES;
				CLANG_WARN_EMPTY_BODY = YES;
				CLANG_WARN_ENUM_CONVERSION = YES;
				CLANG_WARN_INFINITE_RECURSION = YES;
				CLANG_WARN_INT_CONVERSION = YES;
				CLANG_WARN_NON_LITERAL_NULL_CONVERSION = YES;
				CLANG_WARN_OBJC_IMPLICIT_RETAIN_SELF = YES;
				CLANG_WARN_OBJC_LITERAL_CONVERSION = YES;
				CLANG_WARN_OBJC_ROOT_CLASS = YES_ERROR;
				CLANG_WARN_QUOTED_INCLUDE_IN_FRAMEWORK_HEADER = YES;
				CLANG_WARN_RANGE_LOOP_ANALYSIS = YES;
				CLANG_WARN_STRICT_PROTOTYPES = YES;
				CLANG_WARN_SUSPICIOUS_MOVE = YES;
				CLANG_WARN_UNGUARDED_AVAILABILITY = YES_AGGRESSIVE;
				CLANG_WARN_UNREACHABLE_CODE = YES;
				CLANG_WARN__DUPLICATE_METHOD_MATCH = YES;
				COPY_PHASE_STRIP = NO;
				DEBUG_INFORMATION_FORMAT = dwarf;
				ENABLE_STRICT_OBJC_MSGSEND = YES;
				ENABLE_TESTABILITY = YES;
				ENABLE_USER_SCRIPT_SANDBOXING = YES;
				GCC_C_LANGUAGE_STANDARD = gnu17;
				GCC_DYNAMIC_NO_PIC = NO;
				GCC_NO_COMMON_BLOCKS = YES;
				GCC_OPTIMIZATION_LEVEL = 0;
				GCC_PREPROCESSOR_DEFINITIONS = (
					"DEBUG=1",
					"$(inherited)",
				);
				GCC_WARN_64_TO_32_BIT_CONVERSION = YES;
				GCC_WARN_ABOUT_RETURN_TYPE = YES_ERROR;
				GCC_WARN_UNDECLARED_SELECTOR = YES;
				GCC_WARN_UNINITIALIZED_AUTOS = YES_AGGRESSIVE;
				GCC_WARN_UNUSED_FUNCTION = YES;
				GCC_WARN_UNUSED_VARIABLE = YES;
				IPHONEOS_DEPLOYMENT_TARGET = 26.2;
				LOCALIZATION_PREFERS_STRING_CATALOGS = YES;
				MTL_ENABLE_DEBUG_INFO = INCLUDE_SOURCE;
				MTL_FAST_MATH = YES;
				ONLY_ACTIVE_ARCH = YES;
				SDKROOT = iphoneos;
				SWIFT_ACTIVE_COMPILATION_CONDITIONS = "DEBUG $(inherited)";
				SWIFT_OPTIMIZATION_LEVEL = "-Onone";
			};
			name = Debug;
		};
		4FB8F7002F594056001B4FAD /* Release */ = {
			isa = XCBuildConfiguration;
			buildSettings = {
				ALWAYS_SEARCH_USER_PATHS = NO;
				ASSETCATALOG_COMPILER_GENERATE_SWIFT_ASSET_SYMBOL_EXTENSIONS = YES;
				CLANG_ANALYZER_NONNULL = YES;
				CLANG_ANALYZER_NUMBER_OBJECT_CONVERSION = YES_AGGRESSIVE;
				CLANG_CXX_LANGUAGE_STANDARD = "gnu++20";
				CLANG_ENABLE_MODULES = YES;
				CLANG_ENABLE_OBJC_ARC = YES;
				CLANG_ENABLE_OBJC_WEAK = YES;
				CLANG_WARN_BLOCK_CAPTURE_AUTORELEASING = YES;
				CLANG_WARN_BOOL_CONVERSION = YES;
				CLANG_WARN_COMMA = YES;
				CLANG_WARN_CONSTANT_CONVERSION = YES;
				CLANG_WARN_DEPRECATED_OBJC_IMPLEMENTATIONS = YES;
				CLANG_WARN_DIRECT_OBJC_ISA_USAGE = YES_ERROR;
				CLANG_WARN_DOCUMENTATION_COMMENTS = YES;
				CLANG_WARN_EMPTY_BODY = YES;
				CLANG_WARN_ENUM_CONVERSION = YES;
				CLANG_WARN_INFINITE_RECURSION = YES;
				CLANG_WARN_INT_CONVERSION = YES;
				CLANG_WARN_NON_LITERAL_NULL_CONVERSION = YES;
				CLANG_WARN_OBJC_IMPLICIT_RETAIN_SELF = YES;
				CLANG_WARN_OBJC_LITERAL_CONVERSION = YES;
				CLANG_WARN_OBJC_ROOT_CLASS = YES_ERROR;
				CLANG_WARN_QUOTED_INCLUDE_IN_FRAMEWORK_HEADER = YES;
				CLANG_WARN_RANGE_LOOP_ANALYSIS = YES;
				CLANG_WARN_STRICT_PROTOTYPES = YES;
				CLANG_WARN_SUSPICIOUS_MOVE = YES;
				CLANG_WARN_UNGUARDED_AVAILABILITY = YES_AGGRESSIVE;
				CLANG_WARN_UNREACHABLE_CODE = YES;
				CLANG_WARN__DUPLICATE_METHOD_MATCH = YES;
				COPY_PHASE_STRIP = NO;
				DEBUG_INFORMATION_FORMAT = "dwarf-with-dsym";
				ENABLE_NS_ASSERTIONS = NO;
				ENABLE_STRICT_OBJC_MSGSEND = YES;
				ENABLE_USER_SCRIPT_SANDBOXING = YES;
				GCC_C_LANGUAGE_STANDARD = gnu17;
				GCC_NO_COMMON_BLOCKS = YES;
				GCC_WARN_64_TO_32_BIT_CONVERSION = YES;
				GCC_WARN_ABOUT_RETURN_TYPE = YES_ERROR;
				GCC_WARN_UNDECLARED_SELECTOR = YES;
				GCC_WARN_UNINITIALIZED_AUTOS = YES_AGGRESSIVE;
				GCC_WARN_UNUSED_FUNCTION = YES;
				GCC_WARN_UNUSED_VARIABLE = YES;
				IPHONEOS_DEPLOYMENT_TARGET = 26.2;
				LOCALIZATION_PREFERS_STRING_CATALOGS = YES;
				MTL_ENABLE_DEBUG_INFO = NO;
				MTL_FAST_MATH = YES;
				SDKROOT = iphoneos;
				SWIFT_COMPILATION_MODE = wholemodule;
				VALIDATE_PRODUCT = YES;
			};
			name = Release;
		};
		4FB8F7022F594056001B4FAD /* Debug */ = {
			isa = XCBuildConfiguration;
			buildSettings = {
				ASSETCATALOG_COMPILER_APPICON_NAME = AppIcon;
				ASSETCATALOG_COMPILER_GLOBAL_ACCENT_COLOR_NAME = AccentColor;
				CODE_SIGN_STYLE = Automatic;
				CURRENT_PROJECT_VERSION = 1;
				ENABLE_PREVIEWS = YES;
				GENERATE_INFOPLIST_FILE = YES;
				INFOPLIST_KEY_CFBundleDisplayName = "AI Messenger";
				INFOPLIST_KEY_NSContactsUsageDescription = "We match your contacts to show who is on the app so you can start a chat.";
				INFOPLIST_KEY_UIApplicationSceneManifest_Generation = YES;
				INFOPLIST_KEY_UIApplicationSupportsIndirectInputEvents = YES;
				INFOPLIST_KEY_UILaunchScreen_Generation = YES;
				INFOPLIST_KEY_UISupportedInterfaceOrientations_iPad = "UIInterfaceOrientationPortrait UIInterfaceOrientationPortraitUpsideDown UIInterfaceOrientationLandscapeLeft UIInterfaceOrientationLandscapeRight";
				INFOPLIST_KEY_UISupportedInterfaceOrientations_iPhone = "UIInterfaceOrientationPortrait UIInterfaceOrientationLandscapeLeft UIInterfaceOrientationLandscapeRight";
				LD_RUNPATH_SEARCH_PATHS = (
					"$(inherited)",
					"@executable_path/Frameworks",
				);
				MARKETING_VERSION = 1.0;
				PRODUCT_BUNDLE_IDENTIFIER = P.ScheduledMessengerApp;
				PRODUCT_NAME = "$(TARGET_NAME)";
				STRING_CATALOG_GENERATE_SYMBOLS = YES;
				SUPPORTED_PLATFORMS = "iphoneos iphonesimulator";
				SUPPORTS_MACCATALYST = NO;
				SUPPORTS_MAC_DESIGNED_FOR_IPHONE_IPAD = NO;
				SUPPORTS_XR_DESIGNED_FOR_IPHONE_IPAD = NO;
				SWIFT_APPROACHABLE_CONCURRENCY = YES;
				SWIFT_DEFAULT_ACTOR_ISOLATION = MainActor;
				SWIFT_EMIT_LOC_STRINGS = YES;
				SWIFT_UPCOMING_FEATURE_MEMBER_IMPORT_VISIBILITY = YES;
				SWIFT_VERSION = 5.0;
				TARGETED_DEVICE_FAMILY = "1,2";
			};
			name = Debug;
		};
		4FB8F7032F594056001B4FAD /* Release */ = {
			isa = XCBuildConfiguration;
			buildSettings = {
				ASSETCATALOG_COMPILER_APPICON_NAME = AppIcon;
				ASSETCATALOG_COMPILER_GLOBAL_ACCENT_COLOR_NAME = AccentColor;
				CODE_SIGN_STYLE = Automatic;
				CURRENT_PROJECT_VERSION = 1;
				ENABLE_PREVIEWS = YES;
				GENERATE_INFOPLIST_FILE = YES;
				INFOPLIST_KEY_CFBundleDisplayName = "AI Messenger";
				INFOPLIST_KEY_NSContactsUsageDescription = "We match your contacts to show who is on the app so you can start a chat.";
				INFOPLIST_KEY_UIApplicationSceneManifest_Generation = YES;
				INFOPLIST_KEY_UIApplicationSupportsIndirectInputEvents = YES;
				INFOPLIST_KEY_UILaunchScreen_Generation = YES;
				INFOPLIST_KEY_UISupportedInterfaceOrientations_iPad = "UIInterfaceOrientationPortrait UIInterfaceOrientationPortraitUpsideDown UIInterfaceOrientationLandscapeLeft UIInterfaceOrientationLandscapeRight";
				INFOPLIST_KEY_UISupportedInterfaceOrientations_iPhone = "UIInterfaceOrientationPortrait UIInterfaceOrientationLandscapeLeft UIInterfaceOrientationLandscapeRight";
				LD_RUNPATH_SEARCH_PATHS = (
					"$(inherited)",
					"@executable_path/Frameworks",
				);
				MARKETING_VERSION = 1.0;
				PRODUCT_BUNDLE_IDENTIFIER = P.ScheduledMessengerApp;
				PRODUCT_NAME = "$(TARGET_NAME)";
				STRING_CATALOG_GENERATE_SYMBOLS = YES;
				SUPPORTED_PLATFORMS = "iphoneos iphonesimulator";
				SUPPORTS_MACCATALYST = NO;
				SUPPORTS_MAC_DESIGNED_FOR_IPHONE_IPAD = NO;
				SUPPORTS_XR_DESIGNED_FOR_IPHONE_IPAD = NO;
				SWIFT_APPROACHABLE_CONCURRENCY = YES;
				SWIFT_DEFAULT_ACTOR_ISOLATION = MainActor;
				SWIFT_EMIT_LOC_STRINGS = YES;
				SWIFT_UPCOMING_FEATURE_MEMBER_IMPORT_VISIBILITY = YES;
				SWIFT_VERSION = 5.0;
				TARGETED_DEVICE_FAMILY = "1,2";
			};
			name = Release;
		};
/* End XCBuildConfiguration section */

/* Begin XCConfigurationList section */
		4FB8F6F12F594053001B4FAD /* Build configuration list for PBXProject "ScheduledMessengerApp" */ = {
			isa = XCConfigurationList;
			buildConfigurations = (
				4FB8F6FF2F594056001B4FAD /* Debug */,
				4FB8F7002F594056001B4FAD /* Release */,
			);
			defaultConfigurationIsVisible = 0;
			defaultConfigurationName = Release;
		};
		4FB8F7012F594056001B4FAD /* Build configuration list for PBXNativeTarget "ScheduledMessengerApp" */ = {
			isa = XCConfigurationList;
			buildConfigurations = (
				4FB8F7022F594056001B4FAD /* Debug */,
				4FB8F7032F594056001B4FAD /* Release */,
			);
			defaultConfigurationIsVisible = 0;
			defaultConfigurationName = Release;
		};
/* End XCConfigurationList section */
	};
	rootObject = 4FB8F6EE2F594053001B4FAD /* Project object */;
}
